
Microsoft Visual Studio Solution File, Format Version 12.00
# Visual Studio Version 16
VisualStudioVersion = 16.0.31624.102
MinimumVisualStudioVersion = 10.0.40219.1
Project("{FAE04EC0-301F-11D3-BF4B-00C04F79EFBC}") = "YMGK-Cloud", "YMGK-Cloud\YMGK-Cloud.csproj", "{6ADE0AA3-B0FC-4013-ABA0-45A31EF13D07}"
EndProject
Global
	GlobalSection(SolutionConfigurationPlatforms) = preSolution
		Debug|Any CPU = Debug|Any CPU
		Release|Any CPU = Release|Any CPU
	EndGlobalSection
	GlobalSection(ProjectConfigurationPlatforms) = postSolution
		{6ADE0AA3-B0FC-4013-ABA0-45A31EF13D07}.Debug|Any CPU.ActiveCfg = Debug|Any CPU
		{6ADE0AA3-B0FC-4013-ABA0-45A31EF13D07}.Debug|Any CPU.Build.0 = Debug|Any CPU
		{6ADE0AA3-B0FC-4013-ABA0-45A31EF13D07}.Release|Any CPU.ActiveCfg = Release|Any CPU
		{6ADE0AA3-B0FC-4013-ABA0-45A31EF13D07}.Release|Any CPU.Build.0 = Release|Any CPU
	EndGlobalSection
	GlobalSection(SolutionProperties) = preSolution
		HideSolutionNode = FALSE
	EndGlobalSection
	GlobalSection(ExtensibilityGlobals) = postSolution
		SolutionGuid = {20B6DE52-0631-4EC5-93B8-83CF6A2ACC07}
	EndGlobalSection
EndGlobal
